// !$*UTF8*$!
{
	archiveVersion = 1;
	classes = {
	};
	objectVersion = 46;
	objects = {

/* Begin PBXBuildFile section */
		3FF1FF33196F044F005231DD /* AppDelegate.swift in Sources */ = {isa = PBXBuildFile; fileRef = 3FF1FF32196F044F005231DD /* AppDelegate.swift */; };
		3FF1FF3A196F044F005231DD /* Images.xcassets in Resources */ = {isa = PBXBuildFile; fileRef = 3FF1FF39196F044F005231DD /* Images.xcassets */; };
		3FF1FF46196F044F005231DD /* DuallyTests.swift in Sources */ = {isa = PBXBuildFile; fileRef = 3FF1FF45196F044F005231DD /* DuallyTests.swift */; };
		3FF1FF50196F04D4005231DD /* Main.storyboard in Resources */ = {isa = PBXBuildFile; fileRef = 3FF1FF4F196F04D4005231DD /* Main.storyboard */; };
		3FF1FF52196F04F3005231DD /* ViewController.swift in Sources */ = {isa = PBXBuildFile; fileRef = 3FF1FF51196F04F3005231DD /* ViewController.swift */; };
		3FF38201196F371F0013D82B /* Settings.bundle in Resources */ = {isa = PBXBuildFile; fileRef = 3FF38200196F371F0013D82B /* Settings.bundle */; };
/* End PBXBuildFile section */

/* Begin PBXContainerItemProxy section */
		3FF1FF40196F044F005231DD /* PBXContainerItemProxy */ = {
			isa = PBXContainerItemProxy;
			containerPortal = 3FF1FF25196F044F005231DD /* Project object */;
			proxyType = 1;
			remoteGlobalIDString = 3FF1FF2C196F044F005231DD;
			remoteInfo = Dually;
		};
/* End PBXContainerItemProxy section */

/* Begin PBXFileReference section */
		3FF1FF2D196F044F005231DD /* Dually.app */ = {isa = PBXFileReference; explicitFileType = wrapper.application; includeInIndex = 0; path = Dually.app; sourceTree = BUILT_PRODUCTS_DIR; };
		3FF1FF31196F044F005231DD /* Info.plist */ = {isa = PBXFileReference; lastKnownFileType = text.plist.xml; path = Info.plist; sourceTree = "<group>"; };
		3FF1FF32196F044F005231DD /* AppDelegate.swift */ = {isa = PBXFileReference; lastKnownFileType = sourcecode.swift; path = AppDelegate.swift; sourceTree = "<group>"; };
		3FF1FF39196F044F005231DD /* Images.xcassets */ = {isa = PBXFileReference; lastKnownFileType = folder.assetcatalog; path = Images.xcassets; sourceTree = "<group>"; };
		3FF1FF3F196F044F005231DD /* DuallyTests.xctest */ = {isa = PBXFileReference; explicitFileType = wrapper.cfbundle; includeInIndex = 0; path = DuallyTests.xctest; sourceTree = BUILT_PRODUCTS_DIR; };
		3FF1FF44196F044F005231DD /* Info.plist */ = {isa = PBXFileReference; lastKnownFileType = text.plist.xml; path = Info.plist; sourceTree = "<group>"; };
		3FF1FF45196F044F005231DD /* DuallyTests.swift */ = {isa = PBXFileReference; lastKnownFileType = sourcecode.swift; path = DuallyTests.swift; sourceTree = "<group>"; };
		3FF1FF4F196F04D4005231DD /* Main.storyboard */ = {isa = PBXFileReference; fileEncoding = 4; lastKnownFileType = file.storyboard; path = Main.storyboard; sourceTree = "<group>"; };
		3FF1FF51196F04F3005231DD /* ViewController.swift */ = {isa = PBXFileReference; fileEncoding = 4; lastKnownFileType = sourcecode.swift; path = ViewController.swift; sourceTree = "<group>"; };
		3FF38200196F371F0013D82B /* Settings.bundle */ = {isa = PBXFileReference; lastKnownFileType = "wrapper.plug-in"; path = Settings.bundle; sourceTree = "<group>"; };
/* End PBXFileReference section */

/* Begin PBXFrameworksBuildPhase section */
		3FF1FF2A196F044F005231DD /* Frameworks */ = {
			isa = PBXFrameworksBuildPhase;
			buildActionMask = 2147483647;
			files = (
			);
			runOnlyForDeploymentPostprocessing = 0;
		};
		3FF1FF3C196F044F005231DD /* Frameworks */ = {
			isa = PBXFrameworksBuildPhase;
			buildActionMask = 2147483647;
			files = (
			);
			runOnlyForDeploymentPostprocessing = 0;
		};
/* End PBXFrameworksBuildPhase section */

/* Begin PBXGroup section */
		3FF1FF24196F044F005231DD = {
			isa = PBXGroup;
			children = (
				3FF1FF2F196F044F005231DD /* Dually */,
				3FF1FF42196F044F005231DD /* DuallyTests */,
				3FF1FF2E196F044F005231DD /* Products */,
			);
			sourceTree = "<group>";
		};
		3FF1FF2E196F044F005231DD /* Products */ = {
			isa = PBXGroup;
			children = (
				3FF1FF2D196F044F005231DD /* Dually.app */,
				3FF1FF3F196F044F005231DD /* DuallyTests.xctest */,
			);
			name = Products;
			sourceTree = "<group>";
		};
		3FF1FF2F196F044F005231DD /* Dually */ = {
			isa = PBXGroup;
			children = (
				3FF38200196F371F0013D82B /* Settings.bundle */,
				3FF1FF4F196F04D4005231DD /* Main.storyboard */,
				3FF1FF51196F04F3005231DD /* ViewController.swift */,
				3FF1FF32196F044F005231DD /* AppDelegate.swift */,
				3FF1FF39196F044F005231DD /* Images.xcassets */,
				3FF1FF30196F044F005231DD /* Supporting Files */,
			);
			path = Dually;
			sourceTree = "<group>";
		};
		3FF1FF30196F044F005231DD /* Supporting Files */ = {
			isa = PBXGroup;
			children = (
				3FF1FF31196F044F005231DD /* Info.plist */,
			);
			name = "Supporting Files";
			sourceTree = "<group>";
		};
		3FF1FF42196F044F005231DD /* DuallyTests */ = {
			isa = PBXGroup;
			children = (
				3FF1FF45196F044F005231DD /* DuallyTests.swift */,
				3FF1FF43196F044F005231DD /* Supporting Files */,
			);
			path = DuallyTests;
			sourceTree = "<group>";
		};
		3FF1FF43196F044F005231DD /* Supporting Files */ = {
			isa = PBXGroup;
			children = (
				3FF1FF44196F044F005231DD /* Info.plist */,
			);
			name = "Supporting Files";
			sourceTree = "<group>";
		};
/* End PBXGroup section */

/* Begin PBXNativeTarget section */
		3FF1FF2C196F044F005231DD /* Dually */ = {
			isa = PBXNativeTarget;
			buildConfigurationList = 3FF1FF49196F044F005231DD /* Build configuration list for PBXNativeTarget "Dually" */;
			buildPhases = (
				3FF1FF29196F044F005231DD /* Sources */,
				3FF1FF2A196F044F005231DD /* Frameworks */,
				3FF1FF2B196F044F005231DD /* Resources */,
			);
			buildRules = (
			);
			dependencies = (
			);
			name = Dually;
			productName = Dually;
			productReference = 3FF1FF2D196F044F005231DD /* Dually.app */;
			productType = "com.apple.product-type.application";
		};
		3FF1FF3E196F044F005231DD /* DuallyTests */ = {
			isa = PBXNativeTarget;
			buildConfigurationList = 3FF1FF4C196F044F005231DD /* Build configuration list for PBXNativeTarget "DuallyTests" */;
			buildPhases = (
				3FF1FF3B196F044F005231DD /* Sources */,
				3FF1FF3C196F044F005231DD /* Frameworks */,
				3FF1FF3D196F044F005231DD /* Resources */,
			);
			buildRules = (
			);
			dependencies = (
				3FF1FF41196F044F005231DD /* PBXTargetDependency */,
			);
			name = DuallyTests;
			productName = DuallyTests;
			productReference = 3FF1FF3F196F044F005231DD /* DuallyTests.xctest */;
			productType = "com.apple.product-type.bundle.unit-test";
		};
/* End PBXNativeTarget section */

/* Begin PBXProject section */
		3FF1FF25196F044F005231DD /* Project object */ = {
			isa = PBXProject;
			attributes = {
				LastUpgradeCheck = 0600;
				ORGANIZATIONNAME = "Roundhouse Agency";
				TargetAttributes = {
					3FF1FF2C196F044F005231DD = {
						CreatedOnToolsVersion = 6.0;
					};
					3FF1FF3E196F044F005231DD = {
						CreatedOnToolsVersion = 6.0;
						TestTargetID = 3FF1FF2C196F044F005231DD;
					};
				};
			};
			buildConfigurationList = 3FF1FF28196F044F005231DD /* Build configuration list for PBXProject "Dually" */;
			compatibilityVersion = "Xcode 3.2";
			developmentRegion = English;
			hasScannedForEncodings = 0;
			knownRegions = (
				en,
				Base,
			);
			mainGroup = 3FF1FF24196F044F005231DD;
			productRefGroup = 3FF1FF2E196F044F005231DD /* Products */;
			projectDirPath = "";
			projectRoot = "";
			targets = (
				3FF1FF2C196F044F005231DD /* Dually */,
				3FF1FF3E196F044F005231DD /* DuallyTests */,
			);
		};
/* End PBXProject section */

/* Begin PBXResourcesBuildPhase section */
		3FF1FF2B196F044F005231DD /* Resources */ = {
			isa = PBXResourcesBuildPhase;
			buildActionMask = 2147483647;
			files = (
				3FF1FF3A196F044F005231DD /* Images.xcassets in Resources */,
				3FF38201196F371F0013D82B /* Settings.bundle in Resources */,
				3FF1FF50196F04D4005231DD /* Main.storyboard in Resources */,
			);
			runOnlyForDeploymentPostprocessing = 0;
		};
		3FF1FF3D196F044F005231DD /* Resources */ = {
			isa = PBXResourcesBuildPhase;
			buildActionMask = 2147483647;
			files = (
			);
			runOnlyForDeploymentPostprocessing = 0;
		};
/* End PBXResourcesBuildPhase section */

/* Begin PBXSourcesBuildPhase section */
		3FF1FF29196F044F005231DD /* Sources */ = {
			isa = PBXSourcesBuildPhase;
			buildActionMask = 2147483647;
			files = (
				3FF1FF52196F04F3005231DD /* ViewController.swift in Sources */,
				3FF1FF33196F044F005231DD /* AppDelegate.swift in Sources */,
			);
			runOnlyForDeploymentPostprocessing = 0;
		};
		3FF1FF3B196F044F005231DD /* Sources */ = {
			isa = PBXSourcesBuildPhase;
			buildActionMask = 2147483647;
			files = (
				3FF1FF46196F044F005231DD /* DuallyTests.swift in Sources */,
			);
			runOnlyForDeploymentPostprocessing = 0;
		};
/* End PBXSourcesBuildPhase section */

/* Begin PBXTargetDependency section */
		3FF1FF41196F044F005231DD /* PBXTargetDependency */ = {
			isa = PBXTargetDependency;
			target = 3FF1FF2C196F044F005231DD /* Dually */;
			targetProxy = 3FF1FF40196F044F005231DD /* PBXContainerItemProxy */;
		};
/* End PBXTargetDependency section */

/* Begin XCBuildConfiguration section */
		3FF1FF47196F044F005231DD /* Debug */ = {
			isa = XCBuildConfiguration;
			buildSettings = {
				ALWAYS_SEARCH_USER_PATHS = NO;
				CLANG_CXX_LANGUAGE_STANDARD = "gnu++0x";
				CLANG_CXX_LIBRARY = "libc++";
				CLANG_ENABLE_MODULES = YES;
				CLANG_ENABLE_OBJC_ARC = YES;
				CLANG_WARN_BOOL_CONVERSION = YES;
				CLANG_WARN_CONSTANT_CONVERSION = YES;
				CLANG_WARN_DIRECT_OBJC_ISA_USAGE = YES_ERROR;
				CLANG_WARN_EMPTY_BODY = YES;
				CLANG_WARN_ENUM_CONVERSION = YES;
				CLANG_WARN_INT_CONVERSION = YES;
				CLANG_WARN_OBJC_ROOT_CLASS = YES_ERROR;
				CLANG_WARN_UNREACHABLE_CODE = YES;
				CLANG_WARN__DUPLICATE_METHOD_MATCH = YES;
				"CODE_SIGN_IDENTITY[sdk=iphoneos*]" = "iPhone Developer";
				COPY_PHASE_STRIP = NO;
				ENABLE_STRICT_OBJC_MSGSEND = YES;
				GCC_C_LANGUAGE_STANDARD = gnu99;
				GCC_DYNAMIC_NO_PIC = NO;
				GCC_OPTIMIZATION_LEVEL = 0;
				GCC_PREPROCESSOR_DEFINITIONS = (
					"DEBUG=1",
					"$(inherited)",
				);
				GCC_SYMBOLS_PRIVATE_EXTERN = NO;
				GCC_WARN_64_TO_32_BIT_CONVERSION = YES;
				GCC_WARN_ABOUT_RETURN_TYPE = YES_ERROR;
				GCC_WARN_UNDECLARED_SELECTOR = YES;
				GCC_WARN_UNINITIALIZED_AUTOS = YES_AGGRESSIVE;
				GCC_WARN_UNUSED_FUNCTION = YES;
				GCC_WARN_UNUSED_VARIABLE = YES;
				IPHONEOS_DEPLOYMENT_TARGET = 8.0;
				MTL_ENABLE_DEBUG_INFO = YES;
				ONLY_ACTIVE_ARCH = YES;
				SDKROOT = iphoneos;
				SWIFT_OPTIMIZATION_LEVEL = "-Onone";
				TARGETED_DEVICE_FAMILY = "1,2";
			};
			name = Debug;
		};
		3FF1FF48196F044F005231DD /* Release */ = {
			isa = XCBuildConfiguration;
			buildSettings = {
				ALWAYS_SEARCH_USER_PATHS = NO;
				CLANG_CXX_LANGUAGE_STANDARD = "gnu++0x";
				CLANG_CXX_LIBRARY = "libc++";
				CLANG_ENABLE_MODULES = YES;
				CLANG_ENABLE_OBJC_ARC = YES;
				CLANG_WARN_BOOL_CONVERSION = YES;
				CLANG_WARN_CONSTANT_CONVERSION = YES;
				CLANG_WARN_DIRECT_OBJC_ISA_USAGE = YES_ERROR;
				CLANG_WARN_EMPTY_BODY = YES;
				CLANG_WARN_ENUM_CONVERSION = YES;
				CLANG_WARN_INT_CONVERSION = YES;
				CLANG_WARN_OBJC_ROOT_CLASS = YES_ERROR;
				CLANG_WARN_UNREACHABLE_CODE = YES;
				CLANG_WARN__DUPLICATE_METHOD_MATCH = YES;
				"CODE_SIGN_IDENTITY[sdk=iphoneos*]" = "iPhone Developer";
				COPY_PHASE_STRIP = YES;
				ENABLE_NS_ASSERTIONS = NO;
				ENABLE_STRICT_OBJC_MSGSEND = YES;
				GCC_C_LANGUAGE_STANDARD = gnu99;
				GCC_WARN_64_TO_32_BIT_CONVERSION = YES;
				GCC_WARN_ABOUT_RETURN_TYPE = YES_ERROR;
				GCC_WARN_UNDECLARED_SELECTOR = YES;
				GCC_WARN_UNINITIALIZED_AUTOS = YES_AGGRESSIVE;
				GCC_WARN_UNUSED_FUNCTION = YES;
				GCC_WARN_UNUSED_VARIABLE = YES;
				IPHONEOS_DEPLOYMENT_TARGET = 8.0;
				MTL_ENABLE_DEBUG_INFO = NO;
				SDKROOT = iphoneos;
				TARGETED_DEVICE_FAMILY = "1,2";
				VALIDATE_PRODUCT = YES;
			};
			name = Release;
		};
		3FF1FF4A196F044F005231DD /* Debug */ = {
			isa = XCBuildConfiguration;
			buildSettings = {
				ASSETCATALOG_COMPILER_APPICON_NAME = AppIcon;
				ASSETCATALOG_COMPILER_LAUNCHIMAGE_NAME = LaunchImage;
				INFOPLIST_FILE = Dually/Info.plist;
				IPHONEOS_DEPLOYMENT_TARGET = 7.1;
				LD_RUNPATH_SEARCH_PATHS = "$(inherited) @executable_path/Frameworks";
				PRODUCT_NAME = "$(TARGET_NAME)";
			};
			name = Debug;
		};
		3FF1FF4B196F044F005231DD /* Release */ = {
			isa = XCBuildConfiguration;
			buildSettings = {
				ASSETCATALOG_COMPILER_APPICON_NAME = AppIcon;
				ASSETCATALOG_COMPILER_LAUNCHIMAGE_NAME = LaunchImage;
				INFOPLIST_FILE = Dually/Info.plist;
				IPHONEOS_DEPLOYMENT_TARGET = 7.1;
				LD_RUNPATH_SEARCH_PATHS = "$(inherited) @executable_path/Frameworks";
				PRODUCT_NAME = "$(TARGET_NAME)";
			};
			name = Release;
		};
		3FF1FF4D196F044F005231DD /* Debug */ = {
			isa = XCBuildConfiguration;
			buildSettings = {
				BUNDLE_LOADER = "$(BUILT_PRODUCTS_DIR)/Dually.app/Dually";
				FRAMEWORK_SEARCH_PATHS = (
					"$(SDKROOT)/Developer/Library/Frameworks",
					"$(inherited)",
				);
				GCC_PREPROCESSOR_DEFINITIONS = (
					"DEBUG=1",
					"$(inherited)",
				);
				INFOPLIST_FILE = DuallyTests/Info.plist;
				LD_RUNPATH_SEARCH_PATHS = "$(inherited) @executable_path/Frameworks @loader_path/Frameworks";
				PRODUCT_NAME = "$(TARGET_NAME)";
				TEST_HOST = "$(BUNDLE_LOADER)";
			};
			name = Debug;
		};
		3FF1FF4E196F044F005231DD /* Release */ = {
			isa = XCBuildConfiguration;
			buildSettings = {
				BUNDLE_LOADER = "$(BUILT_PRODUCTS_DIR)/Dually.app/Dually";
				FRAMEWORK_SEARCH_PATHS = (
					"$(SDKROOT)/Developer/Library/Frameworks",
					"$(inherited)",
				);
				INFOPLIST_FILE = DuallyTests/Info.plist;
				LD_RUNPATH_SEARCH_PATHS = "$(inherited) @executable_path/Frameworks @loader_path/Frameworks";
				PRODUCT_NAME = "$(TARGET_NAME)";
				TEST_HOST = "$(BUNDLE_LOADER)";
			};
			name = Release;
		};
/* End XCBuildConfiguration section */

/* Begin XCConfigurationList section */
		3FF1FF28196F044F005231DD /* Build configuration list for PBXProject "Dually" */ = {
			isa = XCConfigurationList;
			buildConfigurations = (
				3FF1FF47196F044F005231DD /* Debug */,
				3FF1FF48196F044F005231DD /* Release */,
			);
			defaultConfigurationIsVisible = 0;
			defaultConfigurationName = Release;
		};
		3FF1FF49196F044F005231DD /* Build configuration list for PBXNativeTarget "Dually" */ = {
			isa = XCConfigurationList;
			buildConfigurations = (
				3FF1FF4A196F044F005231DD /* Debug */,
				3FF1FF4B196F044F005231DD /* Release */,
			);
			defaultConfigurationIsVisible = 0;
			defaultConfigurationName = Release;
		};
		3FF1FF4C196F044F005231DD /* Build configuration list for PBXNativeTarget "DuallyTests" */ = {
			isa = XCConfigurationList;
			buildConfigurations = (
				3FF1FF4D196F044F005231DD /* Debug */,
				3FF1FF4E196F044F005231DD /* Release */,
			);
			defaultConfigurationIsVisible = 0;
			defaultConfigurationName = Release;
		};
/* End XCConfigurationList section */
	};
	rootObject = 3FF1FF25196F044F005231DD /* Project object */;
}
